
Microsoft Visual Studio Solution File, Format Version 12.00
# Visual Studio Version 17
VisualStudioVersion = 17.14.36414.22 d17.14
MinimumVisualStudioVersion = 10.0.40219.1
Project("{FAE04EC0-301F-11D3-BF4B-00C04F79EFBC}") = "vinmomo", "vinmomo\vinmomo.csproj", "{DBA6AFE7-2AFB-411F-B311-4BD4E4C2E055}"
EndProject
Global
	GlobalSection(SolutionConfigurationPlatforms) = preSolution
		Debug|Any CPU = Debug|Any CPU
		Release|Any CPU = Release|Any CPU
	EndGlobalSection
	GlobalSection(ProjectConfigurationPlatforms) = postSolution
		{DBA6AFE7-2AFB-411F-B311-4BD4E4C2E055}.Debug|Any CPU.ActiveCfg = Debug|Any CPU
		{DBA6AFE7-2AFB-411F-B311-4BD4E4C2E055}.Debug|Any CPU.Build.0 = Debug|Any CPU
		{DBA6AFE7-2AFB-411F-B311-4BD4E4C2E055}.Release|Any CPU.ActiveCfg = Release|Any CPU
		{DBA6AFE7-2AFB-411F-B311-4BD4E4C2E055}.Release|Any CPU.Build.0 = Release|Any CPU
	EndGlobalSection
	GlobalSection(SolutionProperties) = preSolution
		HideSolutionNode = FALSE
	EndGlobalSection
	GlobalSection(ExtensibilityGlobals) = postSolution
		SolutionGuid = {85FC0AD1-0F54-482C-BC51-C47840AAF56E}
	EndGlobalSection
EndGlobal
